// !$*UTF8*$!
{
	archiveVersion = 1;
	classes = {
	};
	objectVersion = 56;
	objects = {

/* Begin PBXBuildFile section */
		5CAF41CB2A03512200BBF981 /* HabitTrackerApp.swift in Sources */ = {isa = PBXBuildFile; fileRef = 5CAF41CA2A03512200BBF981 /* HabitTrackerApp.swift */; };
		5CAF41CF2A03512400BBF981 /* Assets.xcassets in Resources */ = {isa = PBXBuildFile; fileRef = 5CAF41CE2A03512400BBF981 /* Assets.xcassets */; };
		5CAF41D22A03512400BBF981 /* Preview Assets.xcassets in Resources */ = {isa = PBXBuildFile; fileRef = 5CAF41D12A03512400BBF981 /* Preview Assets.xcassets */; };
		5CAF41D42A03512400BBF981 /* Persistence.swift in Sources */ = {isa = PBXBuildFile; fileRef = 5CAF41D32A03512400BBF981 /* Persistence.swift */; };
		5CAF41D72A03512400BBF981 /* HabitTracker.xcdatamodeld in Sources */ = {isa = PBXBuildFile; fileRef = 5CAF41D52A03512400BBF981 /* HabitTracker.xcdatamodeld */; };
		5CAF41E12A03512400BBF981 /* HabitTrackerTests.swift in Sources */ = {isa = PBXBuildFile; fileRef = 5CAF41E02A03512400BBF981 /* HabitTrackerTests.swift */; };
		5CAF41EB2A03512400BBF981 /* HabitTrackerUITests.swift in Sources */ = {isa = PBXBuildFile; fileRef = 5CAF41EA2A03512400BBF981 /* HabitTrackerUITests.swift */; };
		5CAF41ED2A03512400BBF981 /* HabitTrackerUITestsLaunchTests.swift in Sources */ = {isa = PBXBuildFile; fileRef = 5CAF41EC2A03512400BBF981 /* HabitTrackerUITestsLaunchTests.swift */; };
		5CAF42042A0352D700BBF981 /* HabitsVM.swift in Sources */ = {isa = PBXBuildFile; fileRef = 5CAF42032A0352D700BBF981 /* HabitsVM.swift */; };
		5CAF42062A0352EC00BBF981 /* Habit.swift in Sources */ = {isa = PBXBuildFile; fileRef = 5CAF42052A0352EC00BBF981 /* Habit.swift */; };
		5CAF42112A0358AA00BBF981 /* GoogleService-Info.plist in Resources */ = {isa = PBXBuildFile; fileRef = 5CAF42102A0358AA00BBF981 /* GoogleService-Info.plist */; };
		5CAF421B2A035C4C00BBF981 /* FirebaseAuth in Frameworks */ = {isa = PBXBuildFile; productRef = 5CAF421A2A035C4C00BBF981 /* FirebaseAuth */; };
		5CAF421D2A035C4C00BBF981 /* FirebaseFirestore in Frameworks */ = {isa = PBXBuildFile; productRef = 5CAF421C2A035C4C00BBF981 /* FirebaseFirestore */; };
		5CAF421F2A035C4C00BBF981 /* FirebaseFirestoreSwift-Beta in Frameworks */ = {isa = PBXBuildFile; productRef = 5CAF421E2A035C4C00BBF981 /* FirebaseFirestoreSwift-Beta */; };
		5CAF42232A0361AD00BBF981 /* NotificationManager.swift in Sources */ = {isa = PBXBuildFile; fileRef = 5CAF42222A0361AD00BBF981 /* NotificationManager.swift */; };
		5CAF422A2A03630F00BBF981 /* ContentView.swift in Sources */ = {isa = PBXBuildFile; fileRef = 5CAF42282A03630F00BBF981 /* ContentView.swift */; };
		5CAF422B2A03630F00BBF981 /* HabitDetailsView.swift in Sources */ = {isa = PBXBuildFile; fileRef = 5CAF42292A03630F00BBF981 /* HabitDetailsView.swift */; };
		5CAF422D2A03633200BBF981 /* StatisticsView.swift in Sources */ = {isa = PBXBuildFile; fileRef = 5CAF422C2A03633200BBF981 /* StatisticsView.swift */; };
/* End PBXBuildFile section */

/* Begin PBXContainerItemProxy section */
		5CAF41DD2A03512400BBF981 /* PBXContainerItemProxy */ = {
			isa = PBXContainerItemProxy;
			containerPortal = 5CAF41BF2A03512200BBF981 /* Project object */;
			proxyType = 1;
			remoteGlobalIDString = 5CAF41C62A03512200BBF981;
			remoteInfo = HabitTracker;
		};
		5CAF41E72A03512400BBF981 /* PBXContainerItemProxy */ = {
			isa = PBXContainerItemProxy;
			containerPortal = 5CAF41BF2A03512200BBF981 /* Project object */;
			proxyType = 1;
			remoteGlobalIDString = 5CAF41C62A03512200BBF981;
			remoteInfo = HabitTracker;
		};
/* End PBXContainerItemProxy section */

/* Begin PBXFileReference section */
		5CAF41C72A03512200BBF981 /* HabitTracker.app */ = {isa = PBXFileReference; explicitFileType = wrapper.application; includeInIndex = 0; path = HabitTracker.app; sourceTree = BUILT_PRODUCTS_DIR; };
		5CAF41CA2A03512200BBF981 /* HabitTrackerApp.swift */ = {isa = PBXFileReference; lastKnownFileType = sourcecode.swift; path = HabitTrackerApp.swift; sourceTree = "<group>"; };
		5CAF41CE2A03512400BBF981 /* Assets.xcassets */ = {isa = PBXFileReference; lastKnownFileType = folder.assetcatalog; path = Assets.xcassets; sourceTree = "<group>"; };
		5CAF41D12A03512400BBF981 /* Preview Assets.xcassets */ = {isa = PBXFileReference; lastKnownFileType = folder.assetcatalog; path = "Preview Assets.xcassets"; sourceTree = "<group>"; };
		5CAF41D32A03512400BBF981 /* Persistence.swift */ = {isa = PBXFileReference; lastKnownFileType = sourcecode.swift; path = Persistence.swift; sourceTree = "<group>"; };
		5CAF41D62A03512400BBF981 /* HabitTracker.xcdatamodel */ = {isa = PBXFileReference; lastKnownFileType = wrapper.xcdatamodel; path = HabitTracker.xcdatamodel; sourceTree = "<group>"; };
		5CAF41DC2A03512400BBF981 /* HabitTrackerTests.xctest */ = {isa = PBXFileReference; explicitFileType = wrapper.cfbundle; includeInIndex = 0; path = HabitTrackerTests.xctest; sourceTree = BUILT_PRODUCTS_DIR; };
		5CAF41E02A03512400BBF981 /* HabitTrackerTests.swift */ = {isa = PBXFileReference; lastKnownFileType = sourcecode.swift; path = HabitTrackerTests.swift; sourceTree = "<group>"; };
		5CAF41E62A03512400BBF981 /* HabitTrackerUITests.xctest */ = {isa = PBXFileReference; explicitFileType = wrapper.cfbundle; includeInIndex = 0; path = HabitTrackerUITests.xctest; sourceTree = BUILT_PRODUCTS_DIR; };
		5CAF41EA2A03512400BBF981 /* HabitTrackerUITests.swift */ = {isa = PBXFileReference; lastKnownFileType = sourcecode.swift; path = HabitTrackerUITests.swift; sourceTree = "<group>"; };
		5CAF41EC2A03512400BBF981 /* HabitTrackerUITestsLaunchTests.swift */ = {isa = PBXFileReference; lastKnownFileType = sourcecode.swift; path = HabitTrackerUITestsLaunchTests.swift; sourceTree = "<group>"; };
		5CAF42032A0352D700BBF981 /* HabitsVM.swift */ = {isa = PBXFileReference; lastKnownFileType = sourcecode.swift; name = HabitsVM.swift; path = ../../../HabitsVM.swift; sourceTree = "<group>"; };
		5CAF42052A0352EC00BBF981 /* Habit.swift */ = {isa = PBXFileReference; lastKnownFileType = sourcecode.swift; name = Habit.swift; path = ../../../Habit.swift; sourceTree = "<group>"; };
		5CAF42102A0358AA00BBF981 /* GoogleService-Info.plist */ = {isa = PBXFileReference; fileEncoding = 4; lastKnownFileType = text.plist.xml; path = "GoogleService-Info.plist"; sourceTree = "<group>"; };
		5CAF42222A0361AD00BBF981 /* NotificationManager.swift */ = {isa = PBXFileReference; lastKnownFileType = sourcecode.swift; path = NotificationManager.swift; sourceTree = "<group>"; };
		5CAF42282A03630F00BBF981 /* ContentView.swift */ = {isa = PBXFileReference; fileEncoding = 4; lastKnownFileType = sourcecode.swift; path = ContentView.swift; sourceTree = "<group>"; };
		5CAF42292A03630F00BBF981 /* HabitDetailsView.swift */ = {isa = PBXFileReference; fileEncoding = 4; lastKnownFileType = sourcecode.swift; path = HabitDetailsView.swift; sourceTree = "<group>"; };
		5CAF422C2A03633200BBF981 /* StatisticsView.swift */ = {isa = PBXFileReference; lastKnownFileType = sourcecode.swift; path = StatisticsView.swift; sourceTree = "<group>"; };
/* End PBXFileReference section */

/* Begin PBXFrameworksBuildPhase section */
		5CAF41C42A03512200BBF981 /* Frameworks */ = {
			isa = PBXFrameworksBuildPhase;
			buildActionMask = 2147483647;
			files = (
				5CAF421F2A035C4C00BBF981 /* FirebaseFirestoreSwift-Beta in Frameworks */,
				5CAF421B2A035C4C00BBF981 /* FirebaseAuth in Frameworks */,
				5CAF421D2A035C4C00BBF981 /* FirebaseFirestore in Frameworks */,
			);
			runOnlyForDeploymentPostprocessing = 0;
		};
		5CAF41D92A03512400BBF981 /* Frameworks */ = {
			isa = PBXFrameworksBuildPhase;
			buildActionMask = 2147483647;
			files = (
			);
			runOnlyForDeploymentPostprocessing = 0;
		};
		5CAF41E32A03512400BBF981 /* Frameworks */ = {
			isa = PBXFrameworksBuildPhase;
			buildActionMask = 2147483647;
			files = (
			);
			runOnlyForDeploymentPostprocessing = 0;
		};
/* End PBXFrameworksBuildPhase section */

/* Begin PBXGroup section */
		5CAF41BE2A03512200BBF981 = {
			isa = PBXGroup;
			children = (
				5CAF42102A0358AA00BBF981 /* GoogleService-Info.plist */,
				5CAF41C92A03512200BBF981 /* HabitTracker */,
				5CAF41DF2A03512400BBF981 /* HabitTrackerTests */,
				5CAF41E92A03512400BBF981 /* HabitTrackerUITests */,
				5CAF41C82A03512200BBF981 /* Products */,
			);
			sourceTree = "<group>";
		};
		5CAF41C82A03512200BBF981 /* Products */ = {
			isa = PBXGroup;
			children = (
				5CAF41C72A03512200BBF981 /* HabitTracker.app */,
				5CAF41DC2A03512400BBF981 /* HabitTrackerTests.xctest */,
				5CAF41E62A03512400BBF981 /* HabitTrackerUITests.xctest */,
			);
			name = Products;
			sourceTree = "<group>";
		};
		5CAF41C92A03512200BBF981 /* HabitTracker */ = {
			isa = PBXGroup;
			children = (
				5CAF42272A03630F00BBF981 /* Views */,
				5CAF41FB2A03524B00BBF981 /* ViewModel */,
				5CAF41F92A03523B00BBF981 /* Model */,
				5CAF41CA2A03512200BBF981 /* HabitTrackerApp.swift */,
				5CAF41CE2A03512400BBF981 /* Assets.xcassets */,
				5CAF41D32A03512400BBF981 /* Persistence.swift */,
				5CAF41D52A03512400BBF981 /* HabitTracker.xcdatamodeld */,
				5CAF41D02A03512400BBF981 /* Preview Content */,
				5CAF42222A0361AD00BBF981 /* NotificationManager.swift */,
			);
			path = HabitTracker;
			sourceTree = "<group>";
		};
		5CAF41D02A03512400BBF981 /* Preview Content */ = {
			isa = PBXGroup;
			children = (
				5CAF41D12A03512400BBF981 /* Preview Assets.xcassets */,
			);
			path = "Preview Content";
			sourceTree = "<group>";
		};
		5CAF41DF2A03512400BBF981 /* HabitTrackerTests */ = {
			isa = PBXGroup;
			children = (
				5CAF41E02A03512400BBF981 /* HabitTrackerTests.swift */,
			);
			path = HabitTrackerTests;
			sourceTree = "<group>";
		};
		5CAF41E92A03512400BBF981 /* HabitTrackerUITests */ = {
			isa = PBXGroup;
			children = (
				5CAF41EA2A03512400BBF981 /* HabitTrackerUITests.swift */,
				5CAF41EC2A03512400BBF981 /* HabitTrackerUITestsLaunchTests.swift */,
			);
			path = HabitTrackerUITests;
			sourceTree = "<group>";
		};
		5CAF41F92A03523B00BBF981 /* Model */ = {
			isa = PBXGroup;
			children = (
				5CAF42052A0352EC00BBF981 /* Habit.swift */,
			);
			path = Model;
			sourceTree = "<group>";
		};
		5CAF41FB2A03524B00BBF981 /* ViewModel */ = {
			isa = PBXGroup;
			children = (
				5CAF42032A0352D700BBF981 /* HabitsVM.swift */,
			);
			path = ViewModel;
			sourceTree = "<group>";
		};
		5CAF42272A03630F00BBF981 /* Views */ = {
			isa = PBXGroup;
			children = (
				5CAF42282A03630F00BBF981 /* ContentView.swift */,
				5CAF42292A03630F00BBF981 /* HabitDetailsView.swift */,
				5CAF422C2A03633200BBF981 /* StatisticsView.swift */,
			);
			path = Views;
			sourceTree = "<group>";
		};
/* End PBXGroup section */

/* Begin PBXNativeTarget section */
		5CAF41C62A03512200BBF981 /* HabitTracker */ = {
			isa = PBXNativeTarget;
			buildConfigurationList = 5CAF41F02A03512400BBF981 /* Build configuration list for PBXNativeTarget "HabitTracker" */;
			buildPhases = (
				5CAF41C32A03512200BBF981 /* Sources */,
				5CAF41C42A03512200BBF981 /* Frameworks */,
				5CAF41C52A03512200BBF981 /* Resources */,
			);
			buildRules = (
			);
			dependencies = (
			);
			name = HabitTracker;
			packageProductDependencies = (
				5CAF421A2A035C4C00BBF981 /* FirebaseAuth */,
				5CAF421C2A035C4C00BBF981 /* FirebaseFirestore */,
				5CAF421E2A035C4C00BBF981 /* FirebaseFirestoreSwift-Beta */,
			);
			productName = HabitTracker;
			productReference = 5CAF41C72A03512200BBF981 /* HabitTracker.app */;
			productType = "com.apple.product-type.application";
		};
		5CAF41DB2A03512400BBF981 /* HabitTrackerTests */ = {
			isa = PBXNativeTarget;
			buildConfigurationList = 5CAF41F32A03512400BBF981 /* Build configuration list for PBXNativeTarget "HabitTrackerTests" */;
			buildPhases = (
				5CAF41D82A03512400BBF981 /* Sources */,
				5CAF41D92A03512400BBF981 /* Frameworks */,
				5CAF41DA2A03512400BBF981 /* Resources */,
			);
			buildRules = (
			);
			dependencies = (
				5CAF41DE2A03512400BBF981 /* PBXTargetDependency */,
			);
			name = HabitTrackerTests;
			productName = HabitTrackerTests;
			productReference = 5CAF41DC2A03512400BBF981 /* HabitTrackerTests.xctest */;
			productType = "com.apple.product-type.bundle.unit-test";
		};
		5CAF41E52A03512400BBF981 /* HabitTrackerUITests */ = {
			isa = PBXNativeTarget;
			buildConfigurationList = 5CAF41F62A03512400BBF981 /* Build configuration list for PBXNativeTarget "HabitTrackerUITests" */;
			buildPhases = (
				5CAF41E22A03512400BBF981 /* Sources */,
				5CAF41E32A03512400BBF981 /* Frameworks */,
				5CAF41E42A03512400BBF981 /* Resources */,
			);
			buildRules = (
			);
			dependencies = (
				5CAF41E82A03512400BBF981 /* PBXTargetDependency */,
			);
			name = HabitTrackerUITests;
			productName = HabitTrackerUITests;
			productReference = 5CAF41E62A03512400BBF981 /* HabitTrackerUITests.xctest */;
			productType = "com.apple.product-type.bundle.ui-testing";
		};
/* End PBXNativeTarget section */

/* Begin PBXProject section */
		5CAF41BF2A03512200BBF981 /* Project object */ = {
			isa = PBXProject;
			attributes = {
				BuildIndependentTargetsInParallel = 1;
				LastSwiftUpdateCheck = 1420;
				LastUpgradeCheck = 1420;
				TargetAttributes = {
					5CAF41C62A03512200BBF981 = {
						CreatedOnToolsVersion = 14.2;
					};
					5CAF41DB2A03512400BBF981 = {
						CreatedOnToolsVersion = 14.2;
						TestTargetID = 5CAF41C62A03512200BBF981;
					};
					5CAF41E52A03512400BBF981 = {
						CreatedOnToolsVersion = 14.2;
						TestTargetID = 5CAF41C62A03512200BBF981;
					};
				};
			};
			buildConfigurationList = 5CAF41C22A03512200BBF981 /* Build configuration list for PBXProject "HabitTracker" */;
			compatibilityVersion = "Xcode 14.0";
			developmentRegion = en;
			hasScannedForEncodings = 0;
			knownRegions = (
				en,
				Base,
			);
			mainGroup = 5CAF41BE2A03512200BBF981;
			packageReferences = (
				5CAF42192A035C4C00BBF981 /* XCRemoteSwiftPackageReference "firebase-ios-sdk" */,
			);
			productRefGroup = 5CAF41C82A03512200BBF981 /* Products */;
			projectDirPath = "";
			projectRoot = "";
			targets = (
				5CAF41C62A03512200BBF981 /* HabitTracker */,
				5CAF41DB2A03512400BBF981 /* HabitTrackerTests */,
				5CAF41E52A03512400BBF981 /* HabitTrackerUITests */,
			);
		};
/* End PBXProject section */

/* Begin PBXResourcesBuildPhase section */
		5CAF41C52A03512200BBF981 /* Resources */ = {
			isa = PBXResourcesBuildPhase;
			buildActionMask = 2147483647;
			files = (
				5CAF41D22A03512400BBF981 /* Preview Assets.xcassets in Resources */,
				5CAF41CF2A03512400BBF981 /* Assets.xcassets in Resources */,
				5CAF42112A0358AA00BBF981 /* GoogleService-Info.plist in Resources */,
			);
			runOnlyForDeploymentPostprocessing = 0;
		};
		5CAF41DA2A03512400BBF981 /* Resources */ = {
			isa = PBXResourcesBuildPhase;
			buildActionMask = 2147483647;
			files = (
			);
			runOnlyForDeploymentPostprocessing = 0;
		};
		5CAF41E42A03512400BBF981 /* Resources */ = {
			isa = PBXResourcesBuildPhase;
			buildActionMask = 2147483647;
			files = (
			);
			runOnlyForDeploymentPostprocessing = 0;
		};
/* End PBXResourcesBuildPhase section */

/* Begin PBXSourcesBuildPhase section */
		5CAF41C32A03512200BBF981 /* Sources */ = {
			isa = PBXSourcesBuildPhase;
			buildActionMask = 2147483647;
			files = (
				5CAF41D42A03512400BBF981 /* Persistence.swift in Sources */,
				5CAF42232A0361AD00BBF981 /* NotificationManager.swift in Sources */,
				5CAF422B2A03630F00BBF981 /* HabitDetailsView.swift in Sources */,
				5CAF422A2A03630F00BBF981 /* ContentView.swift in Sources */,
				5CAF422D2A03633200BBF981 /* StatisticsView.swift in Sources */,
				5CAF42042A0352D700BBF981 /* HabitsVM.swift in Sources */,
				5CAF41D72A03512400BBF981 /* HabitTracker.xcdatamodeld in Sources */,
				5CAF41CB2A03512200BBF981 /* HabitTrackerApp.swift in Sources */,
				5CAF42062A0352EC00BBF981 /* Habit.swift in Sources */,
			);
			runOnlyForDeploymentPostprocessing = 0;
		};
		5CAF41D82A03512400BBF981 /* Sources */ = {
			isa = PBXSourcesBuildPhase;
			buildActionMask = 2147483647;
			files = (
				5CAF41E12A03512400BBF981 /* HabitTrackerTests.swift in Sources */,
			);
			runOnlyForDeploymentPostprocessing = 0;
		};
		5CAF41E22A03512400BBF981 /* Sources */ = {
			isa = PBXSourcesBuildPhase;
			buildActionMask = 2147483647;
			files = (
				5CAF41ED2A03512400BBF981 /* HabitTrackerUITestsLaunchTests.swift in Sources */,
				5CAF41EB2A03512400BBF981 /* HabitTrackerUITests.swift in Sources */,
			);
			runOnlyForDeploymentPostprocessing = 0;
		};
/* End PBXSourcesBuildPhase section */

/* Begin PBXTargetDependency section */
		5CAF41DE2A03512400BBF981 /* PBXTargetDependency */ = {
			isa = PBXTargetDependency;
			target = 5CAF41C62A03512200BBF981 /* HabitTracker */;
			targetProxy = 5CAF41DD2A03512400BBF981 /* PBXContainerItemProxy */;
		};
		5CAF41E82A03512400BBF981 /* PBXTargetDependency */ = {
			isa = PBXTargetDependency;
			target = 5CAF41C62A03512200BBF981 /* HabitTracker */;
			targetProxy = 5CAF41E72A03512400BBF981 /* PBXContainerItemProxy */;
		};
/* End PBXTargetDependency section */

/* Begin XCBuildConfiguration section */
		5CAF41EE2A03512400BBF981 /* Debug */ = {
			isa = XCBuildConfiguration;
			buildSettings = {
				ALWAYS_SEARCH_USER_PATHS = NO;
				CLANG_ANALYZER_NONNULL = YES;
				CLANG_ANALYZER_NUMBER_OBJECT_CONVERSION = YES_AGGRESSIVE;
				CLANG_CXX_LANGUAGE_STANDARD = "gnu++20";
				CLANG_ENABLE_MODULES = YES;
				CLANG_ENABLE_OBJC_ARC = YES;
				CLANG_ENABLE_OBJC_WEAK = YES;
				CLANG_WARN_BLOCK_CAPTURE_AUTORELEASING = YES;
				CLANG_WARN_BOOL_CONVERSION = YES;
				CLANG_WARN_COMMA = YES;
				CLANG_WARN_CONSTANT_CONVERSION = YES;
				CLANG_WARN_DEPRECATED_OBJC_IMPLEMENTATIONS = YES;
				CLANG_WARN_DIRECT_OBJC_ISA_USAGE = YES_ERROR;
				CLANG_WARN_DOCUMENTATION_COMMENTS = YES;
				CLANG_WARN_EMPTY_BODY = YES;
				CLANG_WARN_ENUM_CONVERSION = YES;
				CLANG_WARN_INFINITE_RECURSION = YES;
				CLANG_WARN_INT_CONVERSION = YES;
				CLANG_WARN_NON_LITERAL_NULL_CONVERSION = YES;
				CLANG_WARN_OBJC_IMPLICIT_RETAIN_SELF = YES;
				CLANG_WARN_OBJC_LITERAL_CONVERSION = YES;
				CLANG_WARN_OBJC_ROOT_CLASS = YES_ERROR;
				CLANG_WARN_QUOTED_INCLUDE_IN_FRAMEWORK_HEADER = YES;
				CLANG_WARN_RANGE_LOOP_ANALYSIS = YES;
				CLANG_WARN_STRICT_PROTOTYPES = YES;
				CLANG_WARN_SUSPICIOUS_MOVE = YES;
				CLANG_WARN_UNGUARDED_AVAILABILITY = YES_AGGRESSIVE;
				CLANG_WARN_UNREACHABLE_CODE = YES;
				CLANG_WARN__DUPLICATE_METHOD_MATCH = YES;
				COPY_PHASE_STRIP = NO;
				DEBUG_INFORMATION_FORMAT = dwarf;
				ENABLE_STRICT_OBJC_MSGSEND = YES;
				ENABLE_TESTABILITY = YES;
				GCC_C_LANGUAGE_STANDARD = gnu11;
				GCC_DYNAMIC_NO_PIC = NO;
				GCC_NO_COMMON_BLOCKS = YES;
				GCC_OPTIMIZATION_LEVEL = 0;
				GCC_PREPROCESSOR_DEFINITIONS = (
					"DEBUG=1",
					"$(inherited)",
				);
				GCC_WARN_64_TO_32_BIT_CONVERSION = YES;
				GCC_WARN_ABOUT_RETURN_TYPE = YES_ERROR;
				GCC_WARN_UNDECLARED_SELECTOR = YES;
				GCC_WARN_UNINITIALIZED_AUTOS = YES_AGGRESSIVE;
				GCC_WARN_UNUSED_FUNCTION = YES;
				GCC_WARN_UNUSED_VARIABLE = YES;
				IPHONEOS_DEPLOYMENT_TARGET = 15.0;
				MTL_ENABLE_DEBUG_INFO = INCLUDE_SOURCE;
				MTL_FAST_MATH = YES;
				ONLY_ACTIVE_ARCH = YES;
				SDKROOT = iphoneos;
				SWIFT_ACTIVE_COMPILATION_CONDITIONS = DEBUG;
				SWIFT_OPTIMIZATION_LEVEL = "-Onone";
			};
			name = Debug;
		};
		5CAF41EF2A03512400BBF981 /* Release */ = {
			isa = XCBuildConfiguration;
			buildSettings = {
				ALWAYS_SEARCH_USER_PATHS = NO;
				CLANG_ANALYZER_NONNULL = YES;
				CLANG_ANALYZER_NUMBER_OBJECT_CONVERSION = YES_AGGRESSIVE;
				CLANG_CXX_LANGUAGE_STANDARD = "gnu++20";
				CLANG_ENABLE_MODULES = YES;
				CLANG_ENABLE_OBJC_ARC = YES;
				CLANG_ENABLE_OBJC_WEAK = YES;
				CLANG_WARN_BLOCK_CAPTURE_AUTORELEASING = YES;
				CLANG_WARN_BOOL_CONVERSION = YES;
				CLANG_WARN_COMMA = YES;
				CLANG_WARN_CONSTANT_CONVERSION = YES;
				CLANG_WARN_DEPRECATED_OBJC_IMPLEMENTATIONS = YES;
				CLANG_WARN_DIRECT_OBJC_ISA_USAGE = YES_ERROR;
				CLANG_WARN_DOCUMENTATION_COMMENTS = YES;
				CLANG_WARN_EMPTY_BODY = YES;
				CLANG_WARN_ENUM_CONVERSION = YES;
				CLANG_WARN_INFINITE_RECURSION = YES;
				CLANG_WARN_INT_CONVERSION = YES;
				CLANG_WARN_NON_LITERAL_NULL_CONVERSION = YES;
				CLANG_WARN_OBJC_IMPLICIT_RETAIN_SELF = YES;
				CLANG_WARN_OBJC_LITERAL_CONVERSION = YES;
				CLANG_WARN_OBJC_ROOT_CLASS = YES_ERROR;
				CLANG_WARN_QUOTED_INCLUDE_IN_FRAMEWORK_HEADER = YES;
				CLANG_WARN_RANGE_LOOP_ANALYSIS = YES;
				CLANG_WARN_STRICT_PROTOTYPES = YES;
				CLANG_WARN_SUSPICIOUS_MOVE = YES;
				CLANG_WARN_UNGUARDED_AVAILABILITY = YES_AGGRESSIVE;
				CLANG_WARN_UNREACHABLE_CODE = YES;
				CLANG_WARN__DUPLICATE_METHOD_MATCH = YES;
				COPY_PHASE_STRIP = NO;
				DEBUG_INFORMATION_FORMAT = "dwarf-with-dsym";
				ENABLE_NS_ASSERTIONS = NO;
				ENABLE_STRICT_OBJC_MSGSEND = YES;
				GCC_C_LANGUAGE_STANDARD = gnu11;
				GCC_NO_COMMON_BLOCKS = YES;
				GCC_WARN_64_TO_32_BIT_CONVERSION = YES;
				GCC_WARN_ABOUT_RETURN_TYPE = YES_ERROR;
				GCC_WARN_UNDECLARED_SELECTOR = YES;
				GCC_WARN_UNINITIALIZED_AUTOS = YES_AGGRESSIVE;
				GCC_WARN_UNUSED_FUNCTION = YES;
				GCC_WARN_UNUSED_VARIABLE = YES;
				IPHONEOS_DEPLOYMENT_TARGET = 15.0;
				MTL_ENABLE_DEBUG_INFO = NO;
				MTL_FAST_MATH = YES;
				SDKROOT = iphoneos;
				SWIFT_COMPILATION_MODE = wholemodule;
				SWIFT_OPTIMIZATION_LEVEL = "-O";
				VALIDATE_PRODUCT = YES;
			};
			name = Release;
		};
		5CAF41F12A03512400BBF981 /* Debug */ = {
			isa = XCBuildConfiguration;
			buildSettings = {
				ASSETCATALOG_COMPILER_APPICON_NAME = AppIcon;
				ASSETCATALOG_COMPILER_GLOBAL_ACCENT_COLOR_NAME = AccentColor;
				CODE_SIGN_STYLE = Automatic;
				CURRENT_PROJECT_VERSION = 1;
				DEVELOPMENT_ASSET_PATHS = "\"HabitTracker/Preview Content\"";
				ENABLE_PREVIEWS = YES;
				GENERATE_INFOPLIST_FILE = YES;
				INFOPLIST_KEY_UIApplicationSceneManifest_Generation = YES;
				INFOPLIST_KEY_UIApplicationSupportsIndirectInputEvents = YES;
				INFOPLIST_KEY_UILaunchScreen_Generation = YES;
				INFOPLIST_KEY_UISupportedInterfaceOrientations_iPad = "UIInterfaceOrientationPortrait UIInterfaceOrientationPortraitUpsideDown UIInterfaceOrientationLandscapeLeft UIInterfaceOrientationLandscapeRight";
				INFOPLIST_KEY_UISupportedInterfaceOrientations_iPhone = "UIInterfaceOrientationPortrait UIInterfaceOrientationLandscapeLeft UIInterfaceOrientationLandscapeRight";
				LD_RUNPATH_SEARCH_PATHS = (
					"$(inherited)",
					"@executable_path/Frameworks",
				);
				MARKETING_VERSION = 1.0;
				PRODUCT_BUNDLE_IDENTIFIER = team.HabitTracker;
				PRODUCT_NAME = "$(TARGET_NAME)";
				SWIFT_EMIT_LOC_STRINGS = YES;
				SWIFT_VERSION = 5.0;
				TARGETED_DEVICE_FAMILY = "1,2";
			};
			name = Debug;
		};
		5CAF41F22A03512400BBF981 /* Release */ = {
			isa = XCBuildConfiguration;
			buildSettings = {
				ASSETCATALOG_COMPILER_APPICON_NAME = AppIcon;
				ASSETCATALOG_COMPILER_GLOBAL_ACCENT_COLOR_NAME = AccentColor;
				CODE_SIGN_STYLE = Automatic;
				CURRENT_PROJECT_VERSION = 1;
				DEVELOPMENT_ASSET_PATHS = "\"HabitTracker/Preview Content\"";
				ENABLE_PREVIEWS = YES;
				GENERATE_INFOPLIST_FILE = YES;
				INFOPLIST_KEY_UIApplicationSceneManifest_Generation = YES;
				INFOPLIST_KEY_UIApplicationSupportsIndirectInputEvents = YES;
				INFOPLIST_KEY_UILaunchScreen_Generation = YES;
				INFOPLIST_KEY_UISupportedInterfaceOrientations_iPad = "UIInterfaceOrientationPortrait UIInterfaceOrientationPortraitUpsideDown UIInterfaceOrientationLandscapeLeft UIInterfaceOrientationLandscapeRight";
				INFOPLIST_KEY_UISupportedInterfaceOrientations_iPhone = "UIInterfaceOrientationPortrait UIInterfaceOrientationLandscapeLeft UIInterfaceOrientationLandscapeRight";
				LD_RUNPATH_SEARCH_PATHS = (
					"$(inherited)",
					"@executable_path/Frameworks",
				);
				MARKETING_VERSION = 1.0;
				PRODUCT_BUNDLE_IDENTIFIER = team.HabitTracker;
				PRODUCT_NAME = "$(TARGET_NAME)";
				SWIFT_EMIT_LOC_STRINGS = YES;
				SWIFT_VERSION = 5.0;
				TARGETED_DEVICE_FAMILY = "1,2";
			};
			name = Release;
		};
		5CAF41F42A03512400BBF981 /* Debug */ = {
			isa = XCBuildConfiguration;
			buildSettings = {
				ALWAYS_EMBED_SWIFT_STANDARD_LIBRARIES = YES;
				BUNDLE_LOADER = "$(TEST_HOST)";
				CODE_SIGN_STYLE = Automatic;
				CURRENT_PROJECT_VERSION = 1;
				GENERATE_INFOPLIST_FILE = YES;
				IPHONEOS_DEPLOYMENT_TARGET = 16.2;
				MARKETING_VERSION = 1.0;
				PRODUCT_BUNDLE_IDENTIFIER = team.HabitTrackerTests;
				PRODUCT_NAME = "$(TARGET_NAME)";
				SWIFT_EMIT_LOC_STRINGS = NO;
				SWIFT_VERSION = 5.0;
				TARGETED_DEVICE_FAMILY = "1,2";
				TEST_HOST = "$(BUILT_PRODUCTS_DIR)/HabitTracker.app/$(BUNDLE_EXECUTABLE_FOLDER_PATH)/HabitTracker";
			};
			name = Debug;
		};
		5CAF41F52A03512400BBF981 /* Release */ = {
			isa = XCBuildConfiguration;
			buildSettings = {
				ALWAYS_EMBED_SWIFT_STANDARD_LIBRARIES = YES;
				BUNDLE_LOADER = "$(TEST_HOST)";
				CODE_SIGN_STYLE = Automatic;
				CURRENT_PROJECT_VERSION = 1;
				GENERATE_INFOPLIST_FILE = YES;
				IPHONEOS_DEPLOYMENT_TARGET = 16.2;
				MARKETING_VERSION = 1.0;
				PRODUCT_BUNDLE_IDENTIFIER = team.HabitTrackerTests;
				PRODUCT_NAME = "$(TARGET_NAME)";
				SWIFT_EMIT_LOC_STRINGS = NO;
				SWIFT_VERSION = 5.0;
				TARGETED_DEVICE_FAMILY = "1,2";
				TEST_HOST = "$(BUILT_PRODUCTS_DIR)/HabitTracker.app/$(BUNDLE_EXECUTABLE_FOLDER_PATH)/HabitTracker";
			};
			name = Release;
		};
		5CAF41F72A03512400BBF981 /* Debug */ = {
			isa = XCBuildConfiguration;
			buildSettings = {
				ALWAYS_EMBED_SWIFT_STANDARD_LIBRARIES = YES;
				CODE_SIGN_STYLE = Automatic;
				CURRENT_PROJECT_VERSION = 1;
				GENERATE_INFOPLIST_FILE = YES;
				MARKETING_VERSION = 1.0;
				PRODUCT_BUNDLE_IDENTIFIER = team.HabitTrackerUITests;
				PRODUCT_NAME = "$(TARGET_NAME)";
				SWIFT_EMIT_LOC_STRINGS = NO;
				SWIFT_VERSION = 5.0;
				TARGETED_DEVICE_FAMILY = "1,2";
				TEST_TARGET_NAME = HabitTracker;
			};
			name = Debug;
		};
		5CAF41F82A03512400BBF981 /* Release */ = {
			isa = XCBuildConfiguration;
			buildSettings = {
				ALWAYS_EMBED_SWIFT_STANDARD_LIBRARIES = YES;
				CODE_SIGN_STYLE = Automatic;
				CURRENT_PROJECT_VERSION = 1;
				GENERATE_INFOPLIST_FILE = YES;
				MARKETING_VERSION = 1.0;
				PRODUCT_BUNDLE_IDENTIFIER = team.HabitTrackerUITests;
				PRODUCT_NAME = "$(TARGET_NAME)";
				SWIFT_EMIT_LOC_STRINGS = NO;
				SWIFT_VERSION = 5.0;
				TARGETED_DEVICE_FAMILY = "1,2";
				TEST_TARGET_NAME = HabitTracker;
			};
			name = Release;
		};
/* End XCBuildConfiguration section */

/* Begin XCConfigurationList section */
		5CAF41C22A03512200BBF981 /* Build configuration list for PBXProject "HabitTracker" */ = {
			isa = XCConfigurationList;
			buildConfigurations = (
				5CAF41EE2A03512400BBF981 /* Debug */,
				5CAF41EF2A03512400BBF981 /* Release */,
			);
			defaultConfigurationIsVisible = 0;
			defaultConfigurationName = Release;
		};
		5CAF41F02A03512400BBF981 /* Build configuration list for PBXNativeTarget "HabitTracker" */ = {
			isa = XCConfigurationList;
			buildConfigurations = (
				5CAF41F12A03512400BBF981 /* Debug */,
				5CAF41F22A03512400BBF981 /* Release */,
			);
			defaultConfigurationIsVisible = 0;
			defaultConfigurationName = Release;
		};
		5CAF41F32A03512400BBF981 /* Build configuration list for PBXNativeTarget "HabitTrackerTests" */ = {
			isa = XCConfigurationList;
			buildConfigurations = (
				5CAF41F42A03512400BBF981 /* Debug */,
				5CAF41F52A03512400BBF981 /* Release */,
			);
			defaultConfigurationIsVisible = 0;
			defaultConfigurationName = Release;
		};
		5CAF41F62A03512400BBF981 /* Build configuration list for PBXNativeTarget "HabitTrackerUITests" */ = {
			isa = XCConfigurationList;
			buildConfigurations = (
				5CAF41F72A03512400BBF981 /* Debug */,
				5CAF41F82A03512400BBF981 /* Release */,
			);
			defaultConfigurationIsVisible = 0;
			defaultConfigurationName = Release;
		};
/* End XCConfigurationList section */

/* Begin XCRemoteSwiftPackageReference section */
		5CAF42192A035C4C00BBF981 /* XCRemoteSwiftPackageReference "firebase-ios-sdk" */ = {
			isa = XCRemoteSwiftPackageReference;
			repositoryURL = "https://github.com/firebase/firebase-ios-sdk";
			requirement = {
				kind = versionRange;
				maximumVersion = 8.5.0;
				minimumVersion = 8.0.0;
			};
		};
/* End XCRemoteSwiftPackageReference section */

/* Begin XCSwiftPackageProductDependency section */
		5CAF421A2A035C4C00BBF981 /* FirebaseAuth */ = {
			isa = XCSwiftPackageProductDependency;
			package = 5CAF42192A035C4C00BBF981 /* XCRemoteSwiftPackageReference "firebase-ios-sdk" */;
			productName = FirebaseAuth;
		};
		5CAF421C2A035C4C00BBF981 /* FirebaseFirestore */ = {
			isa = XCSwiftPackageProductDependency;
			package = 5CAF42192A035C4C00BBF981 /* XCRemoteSwiftPackageReference "firebase-ios-sdk" */;
			productName = FirebaseFirestore;
		};
		5CAF421E2A035C4C00BBF981 /* FirebaseFirestoreSwift-Beta */ = {
			isa = XCSwiftPackageProductDependency;
			package = 5CAF42192A035C4C00BBF981 /* XCRemoteSwiftPackageReference "firebase-ios-sdk" */;
			productName = "FirebaseFirestoreSwift-Beta";
		};
/* End XCSwiftPackageProductDependency section */

/* Begin XCVersionGroup section */
		5CAF41D52A03512400BBF981 /* HabitTracker.xcdatamodeld */ = {
			isa = XCVersionGroup;
			children = (
				5CAF41D62A03512400BBF981 /* HabitTracker.xcdatamodel */,
			);
			currentVersion = 5CAF41D62A03512400BBF981 /* HabitTracker.xcdatamodel */;
			path = HabitTracker.xcdatamodeld;
			sourceTree = "<group>";
			versionGroupType = wrapper.xcdatamodel;
		};
/* End XCVersionGroup section */
	};
	rootObject = 5CAF41BF2A03512200BBF981 /* Project object */;
}
