// !$*UTF8*$!
{
	archiveVersion = 1;
	classes = {
	};
	objectVersion = 56;
	objects = {

/* Begin PBXBuildFile section */
		5C13A2A92A02E41A0012B790 /* HabitTrackerApp.swift in Sources */ = {isa = PBXBuildFile; fileRef = 5C13A2A82A02E41A0012B790 /* HabitTrackerApp.swift */; };
		5C13A2AB2A02E41A0012B790 /* ContentView.swift in Sources */ = {isa = PBXBuildFile; fileRef = 5C13A2AA2A02E41A0012B790 /* ContentView.swift */; };
		5C13A2AD2A02E41C0012B790 /* Assets.xcassets in Resources */ = {isa = PBXBuildFile; fileRef = 5C13A2AC2A02E41C0012B790 /* Assets.xcassets */; };
		5C13A2B02A02E41C0012B790 /* Preview Assets.xcassets in Resources */ = {isa = PBXBuildFile; fileRef = 5C13A2AF2A02E41C0012B790 /* Preview Assets.xcassets */; };
		5C13A2B22A02E41C0012B790 /* Persistence.swift in Sources */ = {isa = PBXBuildFile; fileRef = 5C13A2B12A02E41C0012B790 /* Persistence.swift */; };
		5C13A2B52A02E41C0012B790 /* HabitTracker.xcdatamodeld in Sources */ = {isa = PBXBuildFile; fileRef = 5C13A2B32A02E41C0012B790 /* HabitTracker.xcdatamodeld */; };
		5C13A2BF2A02E41C0012B790 /* HabitTrackerTests.swift in Sources */ = {isa = PBXBuildFile; fileRef = 5C13A2BE2A02E41C0012B790 /* HabitTrackerTests.swift */; };
		5C13A2C92A02E41C0012B790 /* HabitTrackerUITests.swift in Sources */ = {isa = PBXBuildFile; fileRef = 5C13A2C82A02E41C0012B790 /* HabitTrackerUITests.swift */; };
		5C13A2CB2A02E41C0012B790 /* HabitTrackerUITestsLaunchTests.swift in Sources */ = {isa = PBXBuildFile; fileRef = 5C13A2CA2A02E41C0012B790 /* HabitTrackerUITestsLaunchTests.swift */; };
		5C13A2DA2A02E7410012B790 /* GoogleService-Info.plist in Resources */ = {isa = PBXBuildFile; fileRef = 5C13A2D92A02E7410012B790 /* GoogleService-Info.plist */; };
		5C13A2DD2A02F4050012B790 /* FirebaseAuth in Frameworks */ = {isa = PBXBuildFile; productRef = 5C13A2DC2A02F4050012B790 /* FirebaseAuth */; };
		5C13A2DF2A02F4050012B790 /* FirebaseFirestore in Frameworks */ = {isa = PBXBuildFile; productRef = 5C13A2DE2A02F4050012B790 /* FirebaseFirestore */; };
		5CAF41632A02F95B00BBF981 /* HabitView.swift in Sources */ = {isa = PBXBuildFile; fileRef = 5CAF41622A02F95B00BBF981 /* HabitView.swift */; };
		5CAF41652A02F97900BBF981 /* LoginView.swift in Sources */ = {isa = PBXBuildFile; fileRef = 5CAF41642A02F97900BBF981 /* LoginView.swift */; };
		5CAF41682A02F9FF00BBF981 /* HabitViewModel.swift in Sources */ = {isa = PBXBuildFile; fileRef = 5CAF41672A02F9FF00BBF981 /* HabitViewModel.swift */; };
		5CAF416B2A02FA7000BBF981 /* Habit.swift in Sources */ = {isa = PBXBuildFile; fileRef = 5CAF416A2A02FA7000BBF981 /* Habit.swift */; };
/* End PBXBuildFile section */

/* Begin PBXContainerItemProxy section */
		5C13A2BB2A02E41C0012B790 /* PBXContainerItemProxy */ = {
			isa = PBXContainerItemProxy;
			containerPortal = 5C13A29D2A02E41A0012B790 /* Project object */;
			proxyType = 1;
			remoteGlobalIDString = 5C13A2A42A02E41A0012B790;
			remoteInfo = HabitTracker;
		};
		5C13A2C52A02E41C0012B790 /* PBXContainerItemProxy */ = {
			isa = PBXContainerItemProxy;
			containerPortal = 5C13A29D2A02E41A0012B790 /* Project object */;
			proxyType = 1;
			remoteGlobalIDString = 5C13A2A42A02E41A0012B790;
			remoteInfo = HabitTracker;
		};
/* End PBXContainerItemProxy section */

/* Begin PBXFileReference section */
		5C13A2A52A02E41A0012B790 /* HabitTracker.app */ = {isa = PBXFileReference; explicitFileType = wrapper.application; includeInIndex = 0; path = HabitTracker.app; sourceTree = BUILT_PRODUCTS_DIR; };
		5C13A2A82A02E41A0012B790 /* HabitTrackerApp.swift */ = {isa = PBXFileReference; lastKnownFileType = sourcecode.swift; path = HabitTrackerApp.swift; sourceTree = "<group>"; };
		5C13A2AA2A02E41A0012B790 /* ContentView.swift */ = {isa = PBXFileReference; lastKnownFileType = sourcecode.swift; path = ContentView.swift; sourceTree = "<group>"; };
		5C13A2AC2A02E41C0012B790 /* Assets.xcassets */ = {isa = PBXFileReference; lastKnownFileType = folder.assetcatalog; path = Assets.xcassets; sourceTree = "<group>"; };
		5C13A2AF2A02E41C0012B790 /* Preview Assets.xcassets */ = {isa = PBXFileReference; lastKnownFileType = folder.assetcatalog; path = "Preview Assets.xcassets"; sourceTree = "<group>"; };
		5C13A2B12A02E41C0012B790 /* Persistence.swift */ = {isa = PBXFileReference; lastKnownFileType = sourcecode.swift; path = Persistence.swift; sourceTree = "<group>"; };
		5C13A2B42A02E41C0012B790 /* HabitTracker.xcdatamodel */ = {isa = PBXFileReference; lastKnownFileType = wrapper.xcdatamodel; path = HabitTracker.xcdatamodel; sourceTree = "<group>"; };
		5C13A2BA2A02E41C0012B790 /* HabitTrackerTests.xctest */ = {isa = PBXFileReference; explicitFileType = wrapper.cfbundle; includeInIndex = 0; path = HabitTrackerTests.xctest; sourceTree = BUILT_PRODUCTS_DIR; };
		5C13A2BE2A02E41C0012B790 /* HabitTrackerTests.swift */ = {isa = PBXFileReference; lastKnownFileType = sourcecode.swift; path = HabitTrackerTests.swift; sourceTree = "<group>"; };
		5C13A2C42A02E41C0012B790 /* HabitTrackerUITests.xctest */ = {isa = PBXFileReference; explicitFileType = wrapper.cfbundle; includeInIndex = 0; path = HabitTrackerUITests.xctest; sourceTree = BUILT_PRODUCTS_DIR; };
		5C13A2C82A02E41C0012B790 /* HabitTrackerUITests.swift */ = {isa = PBXFileReference; lastKnownFileType = sourcecode.swift; path = HabitTrackerUITests.swift; sourceTree = "<group>"; };
		5C13A2CA2A02E41C0012B790 /* HabitTrackerUITestsLaunchTests.swift */ = {isa = PBXFileReference; lastKnownFileType = sourcecode.swift; path = HabitTrackerUITestsLaunchTests.swift; sourceTree = "<group>"; };
		5C13A2D92A02E7410012B790 /* GoogleService-Info.plist */ = {isa = PBXFileReference; fileEncoding = 4; lastKnownFileType = text.plist.xml; path = "GoogleService-Info.plist"; sourceTree = "<group>"; };
		5CAF41622A02F95B00BBF981 /* HabitView.swift */ = {isa = PBXFileReference; lastKnownFileType = sourcecode.swift; path = HabitView.swift; sourceTree = "<group>"; };
		5CAF41642A02F97900BBF981 /* LoginView.swift */ = {isa = PBXFileReference; lastKnownFileType = sourcecode.swift; path = LoginView.swift; sourceTree = "<group>"; };
		5CAF41672A02F9FF00BBF981 /* HabitViewModel.swift */ = {isa = PBXFileReference; lastKnownFileType = sourcecode.swift; path = HabitViewModel.swift; sourceTree = "<group>"; };
		5CAF416A2A02FA7000BBF981 /* Habit.swift */ = {isa = PBXFileReference; lastKnownFileType = sourcecode.swift; path = Habit.swift; sourceTree = "<group>"; };
/* End PBXFileReference section */

/* Begin PBXFrameworksBuildPhase section */
		5C13A2A22A02E41A0012B790 /* Frameworks */ = {
			isa = PBXFrameworksBuildPhase;
			buildActionMask = 2147483647;
			files = (
				5C13A2DD2A02F4050012B790 /* FirebaseAuth in Frameworks */,
				5C13A2DF2A02F4050012B790 /* FirebaseFirestore in Frameworks */,
			);
			runOnlyForDeploymentPostprocessing = 0;
		};
		5C13A2B72A02E41C0012B790 /* Frameworks */ = {
			isa = PBXFrameworksBuildPhase;
			buildActionMask = 2147483647;
			files = (
			);
			runOnlyForDeploymentPostprocessing = 0;
		};
		5C13A2C12A02E41C0012B790 /* Frameworks */ = {
			isa = PBXFrameworksBuildPhase;
			buildActionMask = 2147483647;
			files = (
			);
			runOnlyForDeploymentPostprocessing = 0;
		};
/* End PBXFrameworksBuildPhase section */

/* Begin PBXGroup section */
		5C13A29C2A02E41A0012B790 = {
			isa = PBXGroup;
			children = (
				5C13A2A72A02E41A0012B790 /* HabitTracker */,
				5C13A2BD2A02E41C0012B790 /* HabitTrackerTests */,
				5C13A2C72A02E41C0012B790 /* HabitTrackerUITests */,
				5C13A2A62A02E41A0012B790 /* Products */,
			);
			sourceTree = "<group>";
		};
		5C13A2A62A02E41A0012B790 /* Products */ = {
			isa = PBXGroup;
			children = (
				5C13A2A52A02E41A0012B790 /* HabitTracker.app */,
				5C13A2BA2A02E41C0012B790 /* HabitTrackerTests.xctest */,
				5C13A2C42A02E41C0012B790 /* HabitTrackerUITests.xctest */,
			);
			name = Products;
			sourceTree = "<group>";
		};
		5C13A2A72A02E41A0012B790 /* HabitTracker */ = {
			isa = PBXGroup;
			children = (
				5CAF41692A02FA4E00BBF981 /* Model */,
				5CAF41662A02F9E500BBF981 /* ViewModel */,
				5CAF41612A02F92B00BBF981 /* Views */,
				5C13A2D92A02E7410012B790 /* GoogleService-Info.plist */,
				5C13A2A82A02E41A0012B790 /* HabitTrackerApp.swift */,
				5C13A2AC2A02E41C0012B790 /* Assets.xcassets */,
				5C13A2B12A02E41C0012B790 /* Persistence.swift */,
				5C13A2B32A02E41C0012B790 /* HabitTracker.xcdatamodeld */,
				5C13A2AE2A02E41C0012B790 /* Preview Content */,
			);
			path = HabitTracker;
			sourceTree = "<group>";
		};
		5C13A2AE2A02E41C0012B790 /* Preview Content */ = {
			isa = PBXGroup;
			children = (
				5C13A2AF2A02E41C0012B790 /* Preview Assets.xcassets */,
			);
			path = "Preview Content";
			sourceTree = "<group>";
		};
		5C13A2BD2A02E41C0012B790 /* HabitTrackerTests */ = {
			isa = PBXGroup;
			children = (
				5C13A2BE2A02E41C0012B790 /* HabitTrackerTests.swift */,
			);
			path = HabitTrackerTests;
			sourceTree = "<group>";
		};
		5C13A2C72A02E41C0012B790 /* HabitTrackerUITests */ = {
			isa = PBXGroup;
			children = (
				5C13A2C82A02E41C0012B790 /* HabitTrackerUITests.swift */,
				5C13A2CA2A02E41C0012B790 /* HabitTrackerUITestsLaunchTests.swift */,
			);
			path = HabitTrackerUITests;
			sourceTree = "<group>";
		};
		5CAF41612A02F92B00BBF981 /* Views */ = {
			isa = PBXGroup;
			children = (
				5C13A2AA2A02E41A0012B790 /* ContentView.swift */,
				5CAF41622A02F95B00BBF981 /* HabitView.swift */,
				5CAF41642A02F97900BBF981 /* LoginView.swift */,
			);
			path = Views;
			sourceTree = "<group>";
		};
		5CAF41662A02F9E500BBF981 /* ViewModel */ = {
			isa = PBXGroup;
			children = (
				5CAF41672A02F9FF00BBF981 /* HabitViewModel.swift */,
			);
			path = ViewModel;
			sourceTree = "<group>";
		};
		5CAF41692A02FA4E00BBF981 /* Model */ = {
			isa = PBXGroup;
			children = (
				5CAF416A2A02FA7000BBF981 /* Habit.swift */,
			);
			path = Model;
			sourceTree = "<group>";
		};
/* End PBXGroup section */

/* Begin PBXNativeTarget section */
		5C13A2A42A02E41A0012B790 /* HabitTracker */ = {
			isa = PBXNativeTarget;
			buildConfigurationList = 5C13A2CE2A02E41C0012B790 /* Build configuration list for PBXNativeTarget "HabitTracker" */;
			buildPhases = (
				5C13A2A12A02E41A0012B790 /* Sources */,
				5C13A2A22A02E41A0012B790 /* Frameworks */,
				5C13A2A32A02E41A0012B790 /* Resources */,
			);
			buildRules = (
			);
			dependencies = (
			);
			name = HabitTracker;
			packageProductDependencies = (
				5C13A2DC2A02F4050012B790 /* FirebaseAuth */,
				5C13A2DE2A02F4050012B790 /* FirebaseFirestore */,
			);
			productName = HabitTracker;
			productReference = 5C13A2A52A02E41A0012B790 /* HabitTracker.app */;
			productType = "com.apple.product-type.application";
		};
		5C13A2B92A02E41C0012B790 /* HabitTrackerTests */ = {
			isa = PBXNativeTarget;
			buildConfigurationList = 5C13A2D12A02E41C0012B790 /* Build configuration list for PBXNativeTarget "HabitTrackerTests" */;
			buildPhases = (
				5C13A2B62A02E41C0012B790 /* Sources */,
				5C13A2B72A02E41C0012B790 /* Frameworks */,
				5C13A2B82A02E41C0012B790 /* Resources */,
			);
			buildRules = (
			);
			dependencies = (
				5C13A2BC2A02E41C0012B790 /* PBXTargetDependency */,
			);
			name = HabitTrackerTests;
			productName = HabitTrackerTests;
			productReference = 5C13A2BA2A02E41C0012B790 /* HabitTrackerTests.xctest */;
			productType = "com.apple.product-type.bundle.unit-test";
		};
		5C13A2C32A02E41C0012B790 /* HabitTrackerUITests */ = {
			isa = PBXNativeTarget;
			buildConfigurationList = 5C13A2D42A02E41C0012B790 /* Build configuration list for PBXNativeTarget "HabitTrackerUITests" */;
			buildPhases = (
				5C13A2C02A02E41C0012B790 /* Sources */,
				5C13A2C12A02E41C0012B790 /* Frameworks */,
				5C13A2C22A02E41C0012B790 /* Resources */,
			);
			buildRules = (
			);
			dependencies = (
				5C13A2C62A02E41C0012B790 /* PBXTargetDependency */,
			);
			name = HabitTrackerUITests;
			productName = HabitTrackerUITests;
			productReference = 5C13A2C42A02E41C0012B790 /* HabitTrackerUITests.xctest */;
			productType = "com.apple.product-type.bundle.ui-testing";
		};
/* End PBXNativeTarget section */

/* Begin PBXProject section */
		5C13A29D2A02E41A0012B790 /* Project object */ = {
			isa = PBXProject;
			attributes = {
				BuildIndependentTargetsInParallel = 1;
				LastSwiftUpdateCheck = 1420;
				LastUpgradeCheck = 1420;
				TargetAttributes = {
					5C13A2A42A02E41A0012B790 = {
						CreatedOnToolsVersion = 14.2;
					};
					5C13A2B92A02E41C0012B790 = {
						CreatedOnToolsVersion = 14.2;
						TestTargetID = 5C13A2A42A02E41A0012B790;
					};
					5C13A2C32A02E41C0012B790 = {
						CreatedOnToolsVersion = 14.2;
						TestTargetID = 5C13A2A42A02E41A0012B790;
					};
				};
			};
			buildConfigurationList = 5C13A2A02A02E41A0012B790 /* Build configuration list for PBXProject "HabitTracker" */;
			compatibilityVersion = "Xcode 14.0";
			developmentRegion = en;
			hasScannedForEncodings = 0;
			knownRegions = (
				en,
				Base,
			);
			mainGroup = 5C13A29C2A02E41A0012B790;
			packageReferences = (
				5C13A2DB2A02F4050012B790 /* XCRemoteSwiftPackageReference "firebase-ios-sdk" */,
			);
			productRefGroup = 5C13A2A62A02E41A0012B790 /* Products */;
			projectDirPath = "";
			projectRoot = "";
			targets = (
				5C13A2A42A02E41A0012B790 /* HabitTracker */,
				5C13A2B92A02E41C0012B790 /* HabitTrackerTests */,
				5C13A2C32A02E41C0012B790 /* HabitTrackerUITests */,
			);
		};
/* End PBXProject section */

/* Begin PBXResourcesBuildPhase section */
		5C13A2A32A02E41A0012B790 /* Resources */ = {
			isa = PBXResourcesBuildPhase;
			buildActionMask = 2147483647;
			files = (
				5C13A2B02A02E41C0012B790 /* Preview Assets.xcassets in Resources */,
				5C13A2AD2A02E41C0012B790 /* Assets.xcassets in Resources */,
				5C13A2DA2A02E7410012B790 /* GoogleService-Info.plist in Resources */,
			);
			runOnlyForDeploymentPostprocessing = 0;
		};
		5C13A2B82A02E41C0012B790 /* Resources */ = {
			isa = PBXResourcesBuildPhase;
			buildActionMask = 2147483647;
			files = (
			);
			runOnlyForDeploymentPostprocessing = 0;
		};
		5C13A2C22A02E41C0012B790 /* Resources */ = {
			isa = PBXResourcesBuildPhase;
			buildActionMask = 2147483647;
			files = (
			);
			runOnlyForDeploymentPostprocessing = 0;
		};
/* End PBXResourcesBuildPhase section */

/* Begin PBXSourcesBuildPhase section */
		5C13A2A12A02E41A0012B790 /* Sources */ = {
			isa = PBXSourcesBuildPhase;
			buildActionMask = 2147483647;
			files = (
				5CAF41652A02F97900BBF981 /* LoginView.swift in Sources */,
				5C13A2B22A02E41C0012B790 /* Persistence.swift in Sources */,
				5CAF41682A02F9FF00BBF981 /* HabitViewModel.swift in Sources */,
				5C13A2B52A02E41C0012B790 /* HabitTracker.xcdatamodeld in Sources */,
				5C13A2AB2A02E41A0012B790 /* ContentView.swift in Sources */,
				5C13A2A92A02E41A0012B790 /* HabitTrackerApp.swift in Sources */,
				5CAF416B2A02FA7000BBF981 /* Habit.swift in Sources */,
				5CAF41632A02F95B00BBF981 /* HabitView.swift in Sources */,
			);
			runOnlyForDeploymentPostprocessing = 0;
		};
		5C13A2B62A02E41C0012B790 /* Sources */ = {
			isa = PBXSourcesBuildPhase;
			buildActionMask = 2147483647;
			files = (
				5C13A2BF2A02E41C0012B790 /* HabitTrackerTests.swift in Sources */,
			);
			runOnlyForDeploymentPostprocessing = 0;
		};
		5C13A2C02A02E41C0012B790 /* Sources */ = {
			isa = PBXSourcesBuildPhase;
			buildActionMask = 2147483647;
			files = (
				5C13A2CB2A02E41C0012B790 /* HabitTrackerUITestsLaunchTests.swift in Sources */,
				5C13A2C92A02E41C0012B790 /* HabitTrackerUITests.swift in Sources */,
			);
			runOnlyForDeploymentPostprocessing = 0;
		};
/* End PBXSourcesBuildPhase section */

/* Begin PBXTargetDependency section */
		5C13A2BC2A02E41C0012B790 /* PBXTargetDependency */ = {
			isa = PBXTargetDependency;
			target = 5C13A2A42A02E41A0012B790 /* HabitTracker */;
			targetProxy = 5C13A2BB2A02E41C0012B790 /* PBXContainerItemProxy */;
		};
		5C13A2C62A02E41C0012B790 /* PBXTargetDependency */ = {
			isa = PBXTargetDependency;
			target = 5C13A2A42A02E41A0012B790 /* HabitTracker */;
			targetProxy = 5C13A2C52A02E41C0012B790 /* PBXContainerItemProxy */;
		};
/* End PBXTargetDependency section */

/* Begin XCBuildConfiguration section */
		5C13A2CC2A02E41C0012B790 /* Debug */ = {
			isa = XCBuildConfiguration;
			buildSettings = {
				ALWAYS_SEARCH_USER_PATHS = NO;
				CLANG_ANALYZER_NONNULL = YES;
				CLANG_ANALYZER_NUMBER_OBJECT_CONVERSION = YES_AGGRESSIVE;
				CLANG_CXX_LANGUAGE_STANDARD = "gnu++20";
				CLANG_ENABLE_MODULES = YES;
				CLANG_ENABLE_OBJC_ARC = YES;
				CLANG_ENABLE_OBJC_WEAK = YES;
				CLANG_WARN_BLOCK_CAPTURE_AUTORELEASING = YES;
				CLANG_WARN_BOOL_CONVERSION = YES;
				CLANG_WARN_COMMA = YES;
				CLANG_WARN_CONSTANT_CONVERSION = YES;
				CLANG_WARN_DEPRECATED_OBJC_IMPLEMENTATIONS = YES;
				CLANG_WARN_DIRECT_OBJC_ISA_USAGE = YES_ERROR;
				CLANG_WARN_DOCUMENTATION_COMMENTS = YES;
				CLANG_WARN_EMPTY_BODY = YES;
				CLANG_WARN_ENUM_CONVERSION = YES;
				CLANG_WARN_INFINITE_RECURSION = YES;
				CLANG_WARN_INT_CONVERSION = YES;
				CLANG_WARN_NON_LITERAL_NULL_CONVERSION = YES;
				CLANG_WARN_OBJC_IMPLICIT_RETAIN_SELF = YES;
				CLANG_WARN_OBJC_LITERAL_CONVERSION = YES;
				CLANG_WARN_OBJC_ROOT_CLASS = YES_ERROR;
				CLANG_WARN_QUOTED_INCLUDE_IN_FRAMEWORK_HEADER = YES;
				CLANG_WARN_RANGE_LOOP_ANALYSIS = YES;
				CLANG_WARN_STRICT_PROTOTYPES = YES;
				CLANG_WARN_SUSPICIOUS_MOVE = YES;
				CLANG_WARN_UNGUARDED_AVAILABILITY = YES_AGGRESSIVE;
				CLANG_WARN_UNREACHABLE_CODE = YES;
				CLANG_WARN__DUPLICATE_METHOD_MATCH = YES;
				COPY_PHASE_STRIP = NO;
				DEBUG_INFORMATION_FORMAT = dwarf;
				ENABLE_STRICT_OBJC_MSGSEND = YES;
				ENABLE_TESTABILITY = YES;
				GCC_C_LANGUAGE_STANDARD = gnu11;
				GCC_DYNAMIC_NO_PIC = NO;
				GCC_NO_COMMON_BLOCKS = YES;
				GCC_OPTIMIZATION_LEVEL = 0;
				GCC_PREPROCESSOR_DEFINITIONS = (
					"DEBUG=1",
					"$(inherited)",
				);
				GCC_WARN_64_TO_32_BIT_CONVERSION = YES;
				GCC_WARN_ABOUT_RETURN_TYPE = YES_ERROR;
				GCC_WARN_UNDECLARED_SELECTOR = YES;
				GCC_WARN_UNINITIALIZED_AUTOS = YES_AGGRESSIVE;
				GCC_WARN_UNUSED_FUNCTION = YES;
				GCC_WARN_UNUSED_VARIABLE = YES;
				IPHONEOS_DEPLOYMENT_TARGET = 16.2;
				MTL_ENABLE_DEBUG_INFO = INCLUDE_SOURCE;
				MTL_FAST_MATH = YES;
				ONLY_ACTIVE_ARCH = YES;
				SDKROOT = iphoneos;
				SWIFT_ACTIVE_COMPILATION_CONDITIONS = DEBUG;
				SWIFT_OPTIMIZATION_LEVEL = "-Onone";
			};
			name = Debug;
		};
		5C13A2CD2A02E41C0012B790 /* Release */ = {
			isa = XCBuildConfiguration;
			buildSettings = {
				ALWAYS_SEARCH_USER_PATHS = NO;
				CLANG_ANALYZER_NONNULL = YES;
				CLANG_ANALYZER_NUMBER_OBJECT_CONVERSION = YES_AGGRESSIVE;
				CLANG_CXX_LANGUAGE_STANDARD = "gnu++20";
				CLANG_ENABLE_MODULES = YES;
				CLANG_ENABLE_OBJC_ARC = YES;
				CLANG_ENABLE_OBJC_WEAK = YES;
				CLANG_WARN_BLOCK_CAPTURE_AUTORELEASING = YES;
				CLANG_WARN_BOOL_CONVERSION = YES;
				CLANG_WARN_COMMA = YES;
				CLANG_WARN_CONSTANT_CONVERSION = YES;
				CLANG_WARN_DEPRECATED_OBJC_IMPLEMENTATIONS = YES;
				CLANG_WARN_DIRECT_OBJC_ISA_USAGE = YES_ERROR;
				CLANG_WARN_DOCUMENTATION_COMMENTS = YES;
				CLANG_WARN_EMPTY_BODY = YES;
				CLANG_WARN_ENUM_CONVERSION = YES;
				CLANG_WARN_INFINITE_RECURSION = YES;
				CLANG_WARN_INT_CONVERSION = YES;
				CLANG_WARN_NON_LITERAL_NULL_CONVERSION = YES;
				CLANG_WARN_OBJC_IMPLICIT_RETAIN_SELF = YES;
				CLANG_WARN_OBJC_LITERAL_CONVERSION = YES;
				CLANG_WARN_OBJC_ROOT_CLASS = YES_ERROR;
				CLANG_WARN_QUOTED_INCLUDE_IN_FRAMEWORK_HEADER = YES;
				CLANG_WARN_RANGE_LOOP_ANALYSIS = YES;
				CLANG_WARN_STRICT_PROTOTYPES = YES;
				CLANG_WARN_SUSPICIOUS_MOVE = YES;
				CLANG_WARN_UNGUARDED_AVAILABILITY = YES_AGGRESSIVE;
				CLANG_WARN_UNREACHABLE_CODE = YES;
				CLANG_WARN__DUPLICATE_METHOD_MATCH = YES;
				COPY_PHASE_STRIP = NO;
				DEBUG_INFORMATION_FORMAT = "dwarf-with-dsym";
				ENABLE_NS_ASSERTIONS = NO;
				ENABLE_STRICT_OBJC_MSGSEND = YES;
				GCC_C_LANGUAGE_STANDARD = gnu11;
				GCC_NO_COMMON_BLOCKS = YES;
				GCC_WARN_64_TO_32_BIT_CONVERSION = YES;
				GCC_WARN_ABOUT_RETURN_TYPE = YES_ERROR;
				GCC_WARN_UNDECLARED_SELECTOR = YES;
				GCC_WARN_UNINITIALIZED_AUTOS = YES_AGGRESSIVE;
				GCC_WARN_UNUSED_FUNCTION = YES;
				GCC_WARN_UNUSED_VARIABLE = YES;
				IPHONEOS_DEPLOYMENT_TARGET = 16.2;
				MTL_ENABLE_DEBUG_INFO = NO;
				MTL_FAST_MATH = YES;
				SDKROOT = iphoneos;
				SWIFT_COMPILATION_MODE = wholemodule;
				SWIFT_OPTIMIZATION_LEVEL = "-O";
				VALIDATE_PRODUCT = YES;
			};
			name = Release;
		};
		5C13A2CF2A02E41C0012B790 /* Debug */ = {
			isa = XCBuildConfiguration;
			buildSettings = {
				ASSETCATALOG_COMPILER_APPICON_NAME = AppIcon;
				ASSETCATALOG_COMPILER_GLOBAL_ACCENT_COLOR_NAME = AccentColor;
				CODE_SIGN_STYLE = Automatic;
				CURRENT_PROJECT_VERSION = 1;
				DEVELOPMENT_ASSET_PATHS = "\"HabitTracker/Preview Content\"";
				ENABLE_PREVIEWS = YES;
				GENERATE_INFOPLIST_FILE = YES;
				INFOPLIST_KEY_UIApplicationSceneManifest_Generation = YES;
				INFOPLIST_KEY_UIApplicationSupportsIndirectInputEvents = YES;
				INFOPLIST_KEY_UILaunchScreen_Generation = YES;
				INFOPLIST_KEY_UISupportedInterfaceOrientations_iPad = "UIInterfaceOrientationPortrait UIInterfaceOrientationPortraitUpsideDown UIInterfaceOrientationLandscapeLeft UIInterfaceOrientationLandscapeRight";
				INFOPLIST_KEY_UISupportedInterfaceOrientations_iPhone = "UIInterfaceOrientationPortrait UIInterfaceOrientationLandscapeLeft UIInterfaceOrientationLandscapeRight";
				LD_RUNPATH_SEARCH_PATHS = (
					"$(inherited)",
					"@executable_path/Frameworks",
				);
				MARKETING_VERSION = 1.0;
				PRODUCT_BUNDLE_IDENTIFIER = team.HabitTracker;
				PRODUCT_NAME = "$(TARGET_NAME)";
				SWIFT_EMIT_LOC_STRINGS = YES;
				SWIFT_VERSION = 5.0;
				TARGETED_DEVICE_FAMILY = "1,2";
			};
			name = Debug;
		};
		5C13A2D02A02E41C0012B790 /* Release */ = {
			isa = XCBuildConfiguration;
			buildSettings = {
				ASSETCATALOG_COMPILER_APPICON_NAME = AppIcon;
				ASSETCATALOG_COMPILER_GLOBAL_ACCENT_COLOR_NAME = AccentColor;
				CODE_SIGN_STYLE = Automatic;
				CURRENT_PROJECT_VERSION = 1;
				DEVELOPMENT_ASSET_PATHS = "\"HabitTracker/Preview Content\"";
				ENABLE_PREVIEWS = YES;
				GENERATE_INFOPLIST_FILE = YES;
				INFOPLIST_KEY_UIApplicationSceneManifest_Generation = YES;
				INFOPLIST_KEY_UIApplicationSupportsIndirectInputEvents = YES;
				INFOPLIST_KEY_UILaunchScreen_Generation = YES;
				INFOPLIST_KEY_UISupportedInterfaceOrientations_iPad = "UIInterfaceOrientationPortrait UIInterfaceOrientationPortraitUpsideDown UIInterfaceOrientationLandscapeLeft UIInterfaceOrientationLandscapeRight";
				INFOPLIST_KEY_UISupportedInterfaceOrientations_iPhone = "UIInterfaceOrientationPortrait UIInterfaceOrientationLandscapeLeft UIInterfaceOrientationLandscapeRight";
				LD_RUNPATH_SEARCH_PATHS = (
					"$(inherited)",
					"@executable_path/Frameworks",
				);
				MARKETING_VERSION = 1.0;
				PRODUCT_BUNDLE_IDENTIFIER = team.HabitTracker;
				PRODUCT_NAME = "$(TARGET_NAME)";
				SWIFT_EMIT_LOC_STRINGS = YES;
				SWIFT_VERSION = 5.0;
				TARGETED_DEVICE_FAMILY = "1,2";
			};
			name = Release;
		};
		5C13A2D22A02E41C0012B790 /* Debug */ = {
			isa = XCBuildConfiguration;
			buildSettings = {
				ALWAYS_EMBED_SWIFT_STANDARD_LIBRARIES = YES;
				BUNDLE_LOADER = "$(TEST_HOST)";
				CODE_SIGN_STYLE = Automatic;
				CURRENT_PROJECT_VERSION = 1;
				GENERATE_INFOPLIST_FILE = YES;
				IPHONEOS_DEPLOYMENT_TARGET = 16.2;
				MARKETING_VERSION = 1.0;
				PRODUCT_BUNDLE_IDENTIFIER = team.HabitTrackerTests;
				PRODUCT_NAME = "$(TARGET_NAME)";
				SWIFT_EMIT_LOC_STRINGS = NO;
				SWIFT_VERSION = 5.0;
				TARGETED_DEVICE_FAMILY = "1,2";
				TEST_HOST = "$(BUILT_PRODUCTS_DIR)/HabitTracker.app/$(BUNDLE_EXECUTABLE_FOLDER_PATH)/HabitTracker";
			};
			name = Debug;
		};
		5C13A2D32A02E41C0012B790 /* Release */ = {
			isa = XCBuildConfiguration;
			buildSettings = {
				ALWAYS_EMBED_SWIFT_STANDARD_LIBRARIES = YES;
				BUNDLE_LOADER = "$(TEST_HOST)";
				CODE_SIGN_STYLE = Automatic;
				CURRENT_PROJECT_VERSION = 1;
				GENERATE_INFOPLIST_FILE = YES;
				IPHONEOS_DEPLOYMENT_TARGET = 16.2;
				MARKETING_VERSION = 1.0;
				PRODUCT_BUNDLE_IDENTIFIER = team.HabitTrackerTests;
				PRODUCT_NAME = "$(TARGET_NAME)";
				SWIFT_EMIT_LOC_STRINGS = NO;
				SWIFT_VERSION = 5.0;
				TARGETED_DEVICE_FAMILY = "1,2";
				TEST_HOST = "$(BUILT_PRODUCTS_DIR)/HabitTracker.app/$(BUNDLE_EXECUTABLE_FOLDER_PATH)/HabitTracker";
			};
			name = Release;
		};
		5C13A2D52A02E41C0012B790 /* Debug */ = {
			isa = XCBuildConfiguration;
			buildSettings = {
				ALWAYS_EMBED_SWIFT_STANDARD_LIBRARIES = YES;
				CODE_SIGN_STYLE = Automatic;
				CURRENT_PROJECT_VERSION = 1;
				GENERATE_INFOPLIST_FILE = YES;
				MARKETING_VERSION = 1.0;
				PRODUCT_BUNDLE_IDENTIFIER = team.HabitTrackerUITests;
				PRODUCT_NAME = "$(TARGET_NAME)";
				SWIFT_EMIT_LOC_STRINGS = NO;
				SWIFT_VERSION = 5.0;
				TARGETED_DEVICE_FAMILY = "1,2";
				TEST_TARGET_NAME = HabitTracker;
			};
			name = Debug;
		};
		5C13A2D62A02E41C0012B790 /* Release */ = {
			isa = XCBuildConfiguration;
			buildSettings = {
				ALWAYS_EMBED_SWIFT_STANDARD_LIBRARIES = YES;
				CODE_SIGN_STYLE = Automatic;
				CURRENT_PROJECT_VERSION = 1;
				GENERATE_INFOPLIST_FILE = YES;
				MARKETING_VERSION = 1.0;
				PRODUCT_BUNDLE_IDENTIFIER = team.HabitTrackerUITests;
				PRODUCT_NAME = "$(TARGET_NAME)";
				SWIFT_EMIT_LOC_STRINGS = NO;
				SWIFT_VERSION = 5.0;
				TARGETED_DEVICE_FAMILY = "1,2";
				TEST_TARGET_NAME = HabitTracker;
			};
			name = Release;
		};
/* End XCBuildConfiguration section */

/* Begin XCConfigurationList section */
		5C13A2A02A02E41A0012B790 /* Build configuration list for PBXProject "HabitTracker" */ = {
			isa = XCConfigurationList;
			buildConfigurations = (
				5C13A2CC2A02E41C0012B790 /* Debug */,
				5C13A2CD2A02E41C0012B790 /* Release */,
			);
			defaultConfigurationIsVisible = 0;
			defaultConfigurationName = Release;
		};
		5C13A2CE2A02E41C0012B790 /* Build configuration list for PBXNativeTarget "HabitTracker" */ = {
			isa = XCConfigurationList;
			buildConfigurations = (
				5C13A2CF2A02E41C0012B790 /* Debug */,
				5C13A2D02A02E41C0012B790 /* Release */,
			);
			defaultConfigurationIsVisible = 0;
			defaultConfigurationName = Release;
		};
		5C13A2D12A02E41C0012B790 /* Build configuration list for PBXNativeTarget "HabitTrackerTests" */ = {
			isa = XCConfigurationList;
			buildConfigurations = (
				5C13A2D22A02E41C0012B790 /* Debug */,
				5C13A2D32A02E41C0012B790 /* Release */,
			);
			defaultConfigurationIsVisible = 0;
			defaultConfigurationName = Release;
		};
		5C13A2D42A02E41C0012B790 /* Build configuration list for PBXNativeTarget "HabitTrackerUITests" */ = {
			isa = XCConfigurationList;
			buildConfigurations = (
				5C13A2D52A02E41C0012B790 /* Debug */,
				5C13A2D62A02E41C0012B790 /* Release */,
			);
			defaultConfigurationIsVisible = 0;
			defaultConfigurationName = Release;
		};
/* End XCConfigurationList section */

/* Begin XCRemoteSwiftPackageReference section */
		5C13A2DB2A02F4050012B790 /* XCRemoteSwiftPackageReference "firebase-ios-sdk" */ = {
			isa = XCRemoteSwiftPackageReference;
			repositoryURL = "https://github.com/firebase/firebase-ios-sdk";
			requirement = {
				branch = master;
				kind = branch;
			};
		};
/* End XCRemoteSwiftPackageReference section */

/* Begin XCSwiftPackageProductDependency section */
		5C13A2DC2A02F4050012B790 /* FirebaseAuth */ = {
			isa = XCSwiftPackageProductDependency;
			package = 5C13A2DB2A02F4050012B790 /* XCRemoteSwiftPackageReference "firebase-ios-sdk" */;
			productName = FirebaseAuth;
		};
		5C13A2DE2A02F4050012B790 /* FirebaseFirestore */ = {
			isa = XCSwiftPackageProductDependency;
			package = 5C13A2DB2A02F4050012B790 /* XCRemoteSwiftPackageReference "firebase-ios-sdk" */;
			productName = FirebaseFirestore;
		};
/* End XCSwiftPackageProductDependency section */

/* Begin XCVersionGroup section */
		5C13A2B32A02E41C0012B790 /* HabitTracker.xcdatamodeld */ = {
			isa = XCVersionGroup;
			children = (
				5C13A2B42A02E41C0012B790 /* HabitTracker.xcdatamodel */,
			);
			currentVersion = 5C13A2B42A02E41C0012B790 /* HabitTracker.xcdatamodel */;
			path = HabitTracker.xcdatamodeld;
			sourceTree = "<group>";
			versionGroupType = wrapper.xcdatamodel;
		};
/* End XCVersionGroup section */
	};
	rootObject = 5C13A29D2A02E41A0012B790 /* Project object */;
}
